
Microsoft Visual Studio Solution File, Format Version 12.00
# Visual Studio Version 17
VisualStudioVersion = 17.7.34031.279
MinimumVisualStudioVersion = 10.0.40219.1
Project("{8BC9CEB8-8B4A-11D0-8D11-00A0C91BC942}") = "MFCApplication1", "MFCApplication1\MFCApplication1.vcxproj", "{991675A4-29B7-47B1-8BD0-B348BE581C5D}"
EndProject
Project("{8BC9CEB8-8B4A-11D0-8D11-00A0C91BC942}") = "ConsoleApplication1", "ConsoleApplication1\ConsoleApplication1.vcxproj", "{025CCAAF-36B5-42C2-870D-06254BC083F6}"
EndProject
Project("{8BC9CEB8-8B4A-11D0-8D11-00A0C91BC942}") = "Dll1", "Dll1\Dll1.vcxproj", "{3F10C0A7-27AD-4F27-A715-FBB470014065}"
EndProject
Global
	GlobalSection(SolutionConfigurationPlatforms) = preSolution
		Debug|x64 = Debug|x64
		Debug|x86 = Debug|x86
		Release|x64 = Release|x64
		Release|x86 = Release|x86
	EndGlobalSection
	GlobalSection(ProjectConfigurationPlatforms) = postSolution
		{991675A4-29B7-47B1-8BD0-B348BE581C5D}.Debug|x64.ActiveCfg = Debug|x64
		{991675A4-29B7-47B1-8BD0-B348BE581C5D}.Debug|x64.Build.0 = Debug|x64
		{991675A4-29B7-47B1-8BD0-B348BE581C5D}.Debug|x86.ActiveCfg = Debug|Win32
		{991675A4-29B7-47B1-8BD0-B348BE581C5D}.Debug|x86.Build.0 = Debug|Win32
		{991675A4-29B7-47B1-8BD0-B348BE581C5D}.Release|x64.ActiveCfg = Release|x64
		{991675A4-29B7-47B1-8BD0-B348BE581C5D}.Release|x64.Build.0 = Release|x64
		{991675A4-29B7-47B1-8BD0-B348BE581C5D}.Release|x86.ActiveCfg = Release|Win32
		{991675A4-29B7-47B1-8BD0-B348BE581C5D}.Release|x86.Build.0 = Release|Win32
		{025CCAAF-36B5-42C2-870D-06254BC083F6}.Debug|x64.ActiveCfg = Debug|x64
		{025CCAAF-36B5-42C2-870D-06254BC083F6}.Debug|x64.Build.0 = Debug|x64
		{025CCAAF-36B5-42C2-870D-06254BC083F6}.Debug|x86.ActiveCfg = Debug|Win32
		{025CCAAF-36B5-42C2-870D-06254BC083F6}.Debug|x86.Build.0 = Debug|Win32
		{025CCAAF-36B5-42C2-870D-06254BC083F6}.Release|x64.ActiveCfg = Release|x64
		{025CCAAF-36B5-42C2-870D-06254BC083F6}.Release|x64.Build.0 = Release|x64
		{025CCAAF-36B5-42C2-870D-06254BC083F6}.Release|x86.ActiveCfg = Release|Win32
		{025CCAAF-36B5-42C2-870D-06254BC083F6}.Release|x86.Build.0 = Release|Win32
		{3F10C0A7-27AD-4F27-A715-FBB470014065}.Debug|x64.ActiveCfg = Debug|x64
		{3F10C0A7-27AD-4F27-A715-FBB470014065}.Debug|x64.Build.0 = Debug|x64
		{3F10C0A7-27AD-4F27-A715-FBB470014065}.Debug|x86.ActiveCfg = Debug|Win32
		{3F10C0A7-27AD-4F27-A715-FBB470014065}.Debug|x86.Build.0 = Debug|Win32
		{3F10C0A7-27AD-4F27-A715-FBB470014065}.Release|x64.ActiveCfg = Release|x64
		{3F10C0A7-27AD-4F27-A715-FBB470014065}.Release|x64.Build.0 = Release|x64
		{3F10C0A7-27AD-4F27-A715-FBB470014065}.Release|x86.ActiveCfg = Release|Win32
		{3F10C0A7-27AD-4F27-A715-FBB470014065}.Release|x86.Build.0 = Release|Win32
	EndGlobalSection
	GlobalSection(SolutionProperties) = preSolution
		HideSolutionNode = FALSE
	EndGlobalSection
	GlobalSection(ExtensibilityGlobals) = postSolution
		SolutionGuid = {34315C62-98BF-4C59-A93F-299B32EC6A7B}
	EndGlobalSection
EndGlobal
